
Microsoft Visual Studio Solution File, Format Version 12.00
# Visual Studio Version 17
VisualStudioVersion = 17.4.33205.214
MinimumVisualStudioVersion = 10.0.40219.1
Project("{FAE04EC0-301F-11D3-BF4B-00C04F79EFBC}") = "ProiectPaw", "ProiectPaw.csproj", "{3445CC7F-96E9-496F-B84E-CA424BB10C98}"
EndProject
Global
	GlobalSection(SolutionConfigurationPlatforms) = preSolution
		Debug|Any CPU = Debug|Any CPU
		Release|Any CPU = Release|Any CPU
	EndGlobalSection
	GlobalSection(ProjectConfigurationPlatforms) = postSolution
		{3445CC7F-96E9-496F-B84E-CA424BB10C98}.Debug|Any CPU.ActiveCfg = Debug|Any CPU
		{3445CC7F-96E9-496F-B84E-CA424BB10C98}.Debug|Any CPU.Build.0 = Debug|Any CPU
		{3445CC7F-96E9-496F-B84E-CA424BB10C98}.Release|Any CPU.ActiveCfg = Release|Any CPU
		{3445CC7F-96E9-496F-B84E-CA424BB10C98}.Release|Any CPU.Build.0 = Release|Any CPU
	EndGlobalSection
	GlobalSection(SolutionProperties) = preSolution
		HideSolutionNode = FALSE
	EndGlobalSection
	GlobalSection(ExtensibilityGlobals) = postSolution
		SolutionGuid = {AC376CDC-6B81-46C0-9073-20127D0F9651}
	EndGlobalSection
EndGlobal
